
Microsoft Visual Studio Solution File, Format Version 12.00
# Visual Studio Version 17
VisualStudioVersion = 17.4.33103.184
MinimumVisualStudioVersion = 10.0.40219.1
Project("{FAE04EC0-301F-11D3-BF4B-00C04F79EFBC}") = "Doviz_Ofisi", "Doviz_Ofisi\Doviz_Ofisi.csproj", "{C8350A58-70FC-40B8-821E-43DE58502AC2}"
EndProject
Global
	GlobalSection(SolutionConfigurationPlatforms) = preSolution
		Debug|Any CPU = Debug|Any CPU
		Release|Any CPU = Release|Any CPU
	EndGlobalSection
	GlobalSection(ProjectConfigurationPlatforms) = postSolution
		{C8350A58-70FC-40B8-821E-43DE58502AC2}.Debug|Any CPU.ActiveCfg = Debug|Any CPU
		{C8350A58-70FC-40B8-821E-43DE58502AC2}.Debug|Any CPU.Build.0 = Debug|Any CPU
		{C8350A58-70FC-40B8-821E-43DE58502AC2}.Release|Any CPU.ActiveCfg = Release|Any CPU
		{C8350A58-70FC-40B8-821E-43DE58502AC2}.Release|Any CPU.Build.0 = Release|Any CPU
	EndGlobalSection
	GlobalSection(SolutionProperties) = preSolution
		HideSolutionNode = FALSE
	EndGlobalSection
	GlobalSection(ExtensibilityGlobals) = postSolution
		SolutionGuid = {FFAA0F32-309C-4778-A4DB-EC82A7B239B7}
	EndGlobalSection
EndGlobal
